
Microsoft Visual Studio Solution File, Format Version 12.00
# Visual Studio Version 17
VisualStudioVersion = 17.0.31903.59
MinimumVisualStudioVersion = 10.0.40219.1
Project("{2150E333-8FDC-42A3-9474-1A3956D46DE8}") = "src", "src", "{6EE420E9-1D74-48E0-AB29-CCBCE77AD394}"
EndProject
Project("{FAE04EC0-301F-11D3-BF4B-00C04F79EFBC}") = "VirtualDj.Engine", "src\VirtualDj.Engine\VirtualDj.Engine.csproj", "{03620A6A-EC32-4491-BBF5-52BB3694DCA8}"
EndProject
Global
	GlobalSection(SolutionConfigurationPlatforms) = preSolution
		Debug|Any CPU = Debug|Any CPU
		Release|Any CPU = Release|Any CPU
	EndGlobalSection
	GlobalSection(SolutionProperties) = preSolution
		HideSolutionNode = FALSE
	EndGlobalSection
	GlobalSection(ProjectConfigurationPlatforms) = postSolution
		{03620A6A-EC32-4491-BBF5-52BB3694DCA8}.Debug|Any CPU.ActiveCfg = Debug|Any CPU
		{03620A6A-EC32-4491-BBF5-52BB3694DCA8}.Debug|Any CPU.Build.0 = Debug|Any CPU
		{03620A6A-EC32-4491-BBF5-52BB3694DCA8}.Release|Any CPU.ActiveCfg = Release|Any CPU
		{03620A6A-EC32-4491-BBF5-52BB3694DCA8}.Release|Any CPU.Build.0 = Release|Any CPU
	EndGlobalSection
	GlobalSection(NestedProjects) = preSolution
		{03620A6A-EC32-4491-BBF5-52BB3694DCA8} = {6EE420E9-1D74-48E0-AB29-CCBCE77AD394}
	EndGlobalSection
EndGlobal
